
Microsoft Visual Studio Solution File, Format Version 12.00
# Visual Studio Version 17
VisualStudioVersion = 17.6.33829.357
MinimumVisualStudioVersion = 10.0.40219.1
Project("{FAE04EC0-301F-11D3-BF4B-00C04F79EFBC}") = "Lession1", "Lession1\Lession1.csproj", "{ACE84B86-FB8C-4689-BAFD-DE438A516422}"
EndProject
Project("{FAE04EC0-301F-11D3-BF4B-00C04F79EFBC}") = "HomeWork1", "HomeWork1\HomeWork1.csproj", "{23D82B5B-56E2-408F-A209-3744FFD24492}"
EndProject
Global
	GlobalSection(SolutionConfigurationPlatforms) = preSolution
		Debug|Any CPU = Debug|Any CPU
		Release|Any CPU = Release|Any CPU
	EndGlobalSection
	GlobalSection(ProjectConfigurationPlatforms) = postSolution
		{ACE84B86-FB8C-4689-BAFD-DE438A516422}.Debug|Any CPU.ActiveCfg = Debug|Any CPU
		{ACE84B86-FB8C-4689-BAFD-DE438A516422}.Debug|Any CPU.Build.0 = Debug|Any CPU
		{ACE84B86-FB8C-4689-BAFD-DE438A516422}.Release|Any CPU.ActiveCfg = Release|Any CPU
		{ACE84B86-FB8C-4689-BAFD-DE438A516422}.Release|Any CPU.Build.0 = Release|Any CPU
		{23D82B5B-56E2-408F-A209-3744FFD24492}.Debug|Any CPU.ActiveCfg = Debug|Any CPU
		{23D82B5B-56E2-408F-A209-3744FFD24492}.Debug|Any CPU.Build.0 = Debug|Any CPU
		{23D82B5B-56E2-408F-A209-3744FFD24492}.Release|Any CPU.ActiveCfg = Release|Any CPU
		{23D82B5B-56E2-408F-A209-3744FFD24492}.Release|Any CPU.Build.0 = Release|Any CPU
	EndGlobalSection
	GlobalSection(SolutionProperties) = preSolution
		HideSolutionNode = FALSE
	EndGlobalSection
	GlobalSection(ExtensibilityGlobals) = postSolution
		SolutionGuid = {CAFA38AE-E444-4442-A6AD-C2D694CA55E2}
	EndGlobalSection
EndGlobal
